
Microsoft Visual Studio Solution File, Format Version 12.00
# Visual Studio Version 17
VisualStudioVersion = 17.14.36121.58 d17.14
MinimumVisualStudioVersion = 10.0.40219.1
Project("{8BC9CEB8-8B4A-11D0-8D11-00A0C91BC942}") = "stu_2025_5_25", "stu_2025_5_25.vcxproj", "{DA2C0BA7-61CE-4A8B-A07D-F99796E04ABF}"
EndProject
Global
	GlobalSection(SolutionConfigurationPlatforms) = preSolution
		Debug|x64 = Debug|x64
		Debug|x86 = Debug|x86
		Release|x64 = Release|x64
		Release|x86 = Release|x86
	EndGlobalSection
	GlobalSection(ProjectConfigurationPlatforms) = postSolution
		{DA2C0BA7-61CE-4A8B-A07D-F99796E04ABF}.Debug|x64.ActiveCfg = Debug|x64
		{DA2C0BA7-61CE-4A8B-A07D-F99796E04ABF}.Debug|x64.Build.0 = Debug|x64
		{DA2C0BA7-61CE-4A8B-A07D-F99796E04ABF}.Debug|x86.ActiveCfg = Debug|Win32
		{DA2C0BA7-61CE-4A8B-A07D-F99796E04ABF}.Debug|x86.Build.0 = Debug|Win32
		{DA2C0BA7-61CE-4A8B-A07D-F99796E04ABF}.Release|x64.ActiveCfg = Release|x64
		{DA2C0BA7-61CE-4A8B-A07D-F99796E04ABF}.Release|x64.Build.0 = Release|x64
		{DA2C0BA7-61CE-4A8B-A07D-F99796E04ABF}.Release|x86.ActiveCfg = Release|Win32
		{DA2C0BA7-61CE-4A8B-A07D-F99796E04ABF}.Release|x86.Build.0 = Release|Win32
	EndGlobalSection
	GlobalSection(SolutionProperties) = preSolution
		HideSolutionNode = FALSE
	EndGlobalSection
	GlobalSection(ExtensibilityGlobals) = postSolution
		SolutionGuid = {3D59C9A3-F345-4655-ADCC-53E5506B6ED8}
	EndGlobalSection
EndGlobal
