
Microsoft Visual Studio Solution File, Format Version 12.00
# Visual Studio Version 17
VisualStudioVersion = 17.14.36121.58 d17.14
MinimumVisualStudioVersion = 10.0.40219.1
Project("{8BC9CEB8-8B4A-11D0-8D11-00A0C91BC942}") = "stu_2025_5_24(2)", "stu_2025_5_24(2).vcxproj", "{39FE0E66-DA9D-4C2D-950C-9CF0EA4869FD}"
EndProject
Global
	GlobalSection(SolutionConfigurationPlatforms) = preSolution
		Debug|x64 = Debug|x64
		Debug|x86 = Debug|x86
		Release|x64 = Release|x64
		Release|x86 = Release|x86
	EndGlobalSection
	GlobalSection(ProjectConfigurationPlatforms) = postSolution
		{39FE0E66-DA9D-4C2D-950C-9CF0EA4869FD}.Debug|x64.ActiveCfg = Debug|x64
		{39FE0E66-DA9D-4C2D-950C-9CF0EA4869FD}.Debug|x64.Build.0 = Debug|x64
		{39FE0E66-DA9D-4C2D-950C-9CF0EA4869FD}.Debug|x86.ActiveCfg = Debug|Win32
		{39FE0E66-DA9D-4C2D-950C-9CF0EA4869FD}.Debug|x86.Build.0 = Debug|Win32
		{39FE0E66-DA9D-4C2D-950C-9CF0EA4869FD}.Release|x64.ActiveCfg = Release|x64
		{39FE0E66-DA9D-4C2D-950C-9CF0EA4869FD}.Release|x64.Build.0 = Release|x64
		{39FE0E66-DA9D-4C2D-950C-9CF0EA4869FD}.Release|x86.ActiveCfg = Release|Win32
		{39FE0E66-DA9D-4C2D-950C-9CF0EA4869FD}.Release|x86.Build.0 = Release|Win32
	EndGlobalSection
	GlobalSection(SolutionProperties) = preSolution
		HideSolutionNode = FALSE
	EndGlobalSection
	GlobalSection(ExtensibilityGlobals) = postSolution
		SolutionGuid = {49E2BB33-5DAF-4B4A-A20C-1F1AD43B4CB1}
	EndGlobalSection
EndGlobal
